
Microsoft Visual Studio Solution File, Format Version 12.00
# Visual Studio Version 16
VisualStudioVersion = 16.0.29009.5
MinimumVisualStudioVersion = 10.0.40219.1
Project("{FAE04EC0-301F-11D3-BF4B-00C04F79EFBC}") = "LanMvc", "LanMvc\LanMvc.csproj", "{AF530C85-89C3-4905-BE16-DC60645F026B}"
EndProject
Global
	GlobalSection(SolutionConfigurationPlatforms) = preSolution
		Debug|Any CPU = Debug|Any CPU
		Release|Any CPU = Release|Any CPU
	EndGlobalSection
	GlobalSection(ProjectConfigurationPlatforms) = postSolution
		{AF530C85-89C3-4905-BE16-DC60645F026B}.Debug|Any CPU.ActiveCfg = Debug|Any CPU
		{AF530C85-89C3-4905-BE16-DC60645F026B}.Debug|Any CPU.Build.0 = Debug|Any CPU
		{AF530C85-89C3-4905-BE16-DC60645F026B}.Release|Any CPU.ActiveCfg = Release|Any CPU
		{AF530C85-89C3-4905-BE16-DC60645F026B}.Release|Any CPU.Build.0 = Release|Any CPU
	EndGlobalSection
	GlobalSection(SolutionProperties) = preSolution
		HideSolutionNode = FALSE
	EndGlobalSection
	GlobalSection(ExtensibilityGlobals) = postSolution
		SolutionGuid = {1B8977D7-93AE-45D0-98B4-5B0BC9E10C9C}
	EndGlobalSection
EndGlobal
